// !$*UTF8*$!
{
	archiveVersion = 1;
	classes = {
	};
	objectVersion = 90;
	objects = {

/* Begin PBXContainerItemProxy section */
		602646852EFB29C1001E9B93 /* PBXContainerItemProxy */ = {
			isa = PBXContainerItemProxy;
			containerPortal = 6026466D2EFB29C0001E9B93 /* Project object */;
			proxyType = 1;
			remoteGlobalIDString = 602646742EFB29C0001E9B93;
			remoteInfo = cordis;
		};
		6026468F2EFB29C1001E9B93 /* PBXContainerItemProxy */ = {
			isa = PBXContainerItemProxy;
			containerPortal = 6026466D2EFB29C0001E9B93 /* Project object */;
			proxyType = 1;
			remoteGlobalIDString = 602646742EFB29C0001E9B93;
			remoteInfo = cordis;
		};
/* End PBXContainerItemProxy section */

/* Begin PBXFileReference section */
		602646752EFB29C0001E9B93 /* cordis.app */ = {isa = PBXFileReference; explicitFileType = wrapper.application; includeInIndex = 0; path = cordis.app; sourceTree = BUILT_PRODUCTS_DIR; };
		602646842EFB29C1001E9B93 /* cordisTests.xctest */ = {isa = PBXFileReference; explicitFileType = wrapper.cfbundle; includeInIndex = 0; path = cordisTests.xctest; sourceTree = BUILT_PRODUCTS_DIR; };
		6026468E2EFB29C1001E9B93 /* cordisUITests.xctest */ = {isa = PBXFileReference; explicitFileType = wrapper.cfbundle; includeInIndex = 0; path = cordisUITests.xctest; sourceTree = BUILT_PRODUCTS_DIR; };
/* End PBXFileReference section */

/* Begin PBXFileSystemSynchronizedBuildFileExceptionSet section */
		B93BB4D82F34206D00AC24F5 /* Exceptions for "cordis" folder in "cordis" target */ = {
			isa = PBXFileSystemSynchronizedBuildFileExceptionSet;
			membershipExceptions = (
				Info.plist,
			);
			target = 602646742EFB29C0001E9B93 /* cordis */;
		};
/* End PBXFileSystemSynchronizedBuildFileExceptionSet section */

/* Begin PBXFileSystemSynchronizedRootGroup section */
		602646772EFB29C0001E9B93 /* cordis */ = {
			isa = PBXFileSystemSynchronizedRootGroup;
			exceptions = (
				B93BB4D82F34206D00AC24F5 /* Exceptions for "cordis" folder in "cordis" target */,
			);
			path = cordis;
			sourceTree = "<group>";
		};
		602646872EFB29C1001E9B93 /* cordisTests */ = {
			isa = PBXFileSystemSynchronizedRootGroup;
			path = cordisTests;
			sourceTree = "<group>";
		};
		602646912EFB29C1001E9B93 /* cordisUITests */ = {
			isa = PBXFileSystemSynchronizedRootGroup;
			path = cordisUITests;
			sourceTree = "<group>";
		};
/* End PBXFileSystemSynchronizedRootGroup section */

/* Begin PBXFrameworksBuildPhase section */
		602646722EFB29C0001E9B93 /* Frameworks */ = {
			isa = PBXFrameworksBuildPhase;
			files = (
			);
		};
		602646812EFB29C1001E9B93 /* Frameworks */ = {
			isa = PBXFrameworksBuildPhase;
			files = (
			);
		};
		6026468B2EFB29C1001E9B93 /* Frameworks */ = {
			isa = PBXFrameworksBuildPhase;
			files = (
			);
		};
/* End PBXFrameworksBuildPhase section */

/* Begin PBXGroup section */
		6026466C2EFB29C0001E9B93 = {
			isa = PBXGroup;
			children = (
				602646772EFB29C0001E9B93 /* cordis */,
				602646872EFB29C1001E9B93 /* cordisTests */,
				602646912EFB29C1001E9B93 /* cordisUITests */,
				602646762EFB29C0001E9B93 /* Products */,
			);
			sourceTree = "<group>";
		};
		602646762EFB29C0001E9B93 /* Products */ = {
			isa = PBXGroup;
			children = (
				602646752EFB29C0001E9B93 /* cordis.app */,
				602646842EFB29C1001E9B93 /* cordisTests.xctest */,
				6026468E2EFB29C1001E9B93 /* cordisUITests.xctest */,
			);
			name = Products;
			sourceTree = "<group>";
		};
/* End PBXGroup section */

/* Begin PBXNativeTarget section */
		602646742EFB29C0001E9B93 /* cordis */ = {
			isa = PBXNativeTarget;
			buildConfigurationList = 602646982EFB29C1001E9B93 /* Build configuration list for PBXNativeTarget "cordis" */;
			buildPhases = (
				602646712EFB29C0001E9B93 /* Sources */,
				602646722EFB29C0001E9B93 /* Frameworks */,
				602646732EFB29C0001E9B93 /* Resources */,
			);
			buildRules = (
			);
			fileSystemSynchronizedGroups = (
				602646772EFB29C0001E9B93 /* cordis */,
			);
			name = cordis;
			productName = cordis;
			productReference = 602646752EFB29C0001E9B93 /* cordis.app */;
			productType = "com.apple.product-type.application";
		};
		602646832EFB29C1001E9B93 /* cordisTests */ = {
			isa = PBXNativeTarget;
			buildConfigurationList = 6026469B2EFB29C1001E9B93 /* Build configuration list for PBXNativeTarget "cordisTests" */;
			buildPhases = (
				602646802EFB29C1001E9B93 /* Sources */,
				602646812EFB29C1001E9B93 /* Frameworks */,
				602646822EFB29C1001E9B93 /* Resources */,
			);
			buildRules = (
			);
			dependencies = (
				602646862EFB29C1001E9B93 /* PBXTargetDependency */,
			);
			fileSystemSynchronizedGroups = (
				602646872EFB29C1001E9B93 /* cordisTests */,
			);
			name = cordisTests;
			productName = cordisTests;
			productReference = 602646842EFB29C1001E9B93 /* cordisTests.xctest */;
			productType = "com.apple.product-type.bundle.unit-test";
		};
		6026468D2EFB29C1001E9B93 /* cordisUITests */ = {
			isa = PBXNativeTarget;
			buildConfigurationList = 6026469E2EFB29C1001E9B93 /* Build configuration list for PBXNativeTarget "cordisUITests" */;
			buildPhases = (
				6026468A2EFB29C1001E9B93 /* Sources */,
				6026468B2EFB29C1001E9B93 /* Frameworks */,
				6026468C2EFB29C1001E9B93 /* Resources */,
			);
			buildRules = (
			);
			dependencies = (
				602646902EFB29C1001E9B93 /* PBXTargetDependency */,
			);
			fileSystemSynchronizedGroups = (
				602646912EFB29C1001E9B93 /* cordisUITests */,
			);
			name = cordisUITests;
			productName = cordisUITests;
			productReference = 6026468E2EFB29C1001E9B93 /* cordisUITests.xctest */;
			productType = "com.apple.product-type.bundle.ui-testing";
		};
/* End PBXNativeTarget section */

/* Begin PBXProject section */
		6026466D2EFB29C0001E9B93 /* Project object */ = {
			isa = PBXProject;
			attributes = {
				BuildIndependentTargetsInParallel = 1;
				LastSwiftUpdateCheck = 2610;
				LastUpgradeCheck = 2610;
				ORGANIZATIONNAME = "wladen ";
				TargetAttributes = {
					602646742EFB29C0001E9B93 = {
						CreatedOnToolsVersion = 26.1.1;
					};
					602646832EFB29C1001E9B93 = {
						CreatedOnToolsVersion = 26.1.1;
						TestTargetID = 602646742EFB29C0001E9B93;
					};
					6026468D2EFB29C1001E9B93 = {
						CreatedOnToolsVersion = 26.1.1;
						TestTargetID = 602646742EFB29C0001E9B93;
					};
				};
			};
			buildConfigurationList = 602646702EFB29C0001E9B93 /* Build configuration list for PBXProject "cordis" */;
			developmentRegion = "es-419";
			hasScannedForEncodings = 0;
			knownRegions = (
				en,
				"es-419",
				Base,
			);
			mainGroup = 6026466C2EFB29C0001E9B93;
			minimizedProjectReferenceProxies = 1;
			preferredProjectObjectVersion = 90;
			productRefGroup = 602646762EFB29C0001E9B93 /* Products */;
			projectDirPath = "";
			projectRoot = "";
			targets = (
				602646742EFB29C0001E9B93 /* cordis */,
				602646832EFB29C1001E9B93 /* cordisTests */,
				6026468D2EFB29C1001E9B93 /* cordisUITests */,
			);
		};
/* End PBXProject section */

/* Begin PBXResourcesBuildPhase section */
		602646732EFB29C0001E9B93 /* Resources */ = {
			isa = PBXResourcesBuildPhase;
			files = (
			);
		};
		602646822EFB29C1001E9B93 /* Resources */ = {
			isa = PBXResourcesBuildPhase;
			files = (
			);
		};
		6026468C2EFB29C1001E9B93 /* Resources */ = {
			isa = PBXResourcesBuildPhase;
			files = (
			);
		};
/* End PBXResourcesBuildPhase section */

/* Begin PBXSourcesBuildPhase section */
		602646712EFB29C0001E9B93 /* Sources */ = {
			isa = PBXSourcesBuildPhase;
			files = (
			);
		};
		602646802EFB29C1001E9B93 /* Sources */ = {
			isa = PBXSourcesBuildPhase;
			files = (
			);
		};
		6026468A2EFB29C1001E9B93 /* Sources */ = {
			isa = PBXSourcesBuildPhase;
			files = (
			);
		};
/* End PBXSourcesBuildPhase section */

/* Begin PBXTargetDependency section */
		602646862EFB29C1001E9B93 /* PBXTargetDependency */ = {
			isa = PBXTargetDependency;
			target = 602646742EFB29C0001E9B93 /* cordis */;
			targetProxy = 602646852EFB29C1001E9B93 /* PBXContainerItemProxy */;
		};
		602646902EFB29C1001E9B93 /* PBXTargetDependency */ = {
			isa = PBXTargetDependency;
			target = 602646742EFB29C0001E9B93 /* cordis */;
			targetProxy = 6026468F2EFB29C1001E9B93 /* PBXContainerItemProxy */;
		};
/* End PBXTargetDependency section */

/* Begin XCBuildConfiguration section */
		602646962EFB29C1001E9B93 /* Debug configuration for PBXProject "cordis" */ = {
			isa = XCBuildConfiguration;
			buildSettings = {
				ALWAYS_SEARCH_USER_PATHS = NO;
				ASSETCATALOG_COMPILER_GENERATE_SWIFT_ASSET_SYMBOL_EXTENSIONS = YES;
				CLANG_ANALYZER_NONNULL = YES;
				CLANG_ANALYZER_NUMBER_OBJECT_CONVERSION = YES_AGGRESSIVE;
				CLANG_CXX_LANGUAGE_STANDARD = "gnu++20";
				CLANG_ENABLE_MODULES = YES;
				CLANG_ENABLE_OBJC_ARC = YES;
				CLANG_ENABLE_OBJC_WEAK = YES;
				CLANG_WARN_BLOCK_CAPTURE_AUTORELEASING = YES;
				CLANG_WARN_BOOL_CONVERSION = YES;
				CLANG_WARN_COMMA = YES;
				CLANG_WARN_CONSTANT_CONVERSION = YES;
				CLANG_WARN_DEPRECATED_OBJC_IMPLEMENTATIONS = YES;
				CLANG_WARN_DIRECT_OBJC_ISA_USAGE = YES_ERROR;
				CLANG_WARN_DOCUMENTATION_COMMENTS = YES;
				CLANG_WARN_EMPTY_BODY = YES;
				CLANG_WARN_ENUM_CONVERSION = YES;
				CLANG_WARN_INFINITE_RECURSION = YES;
				CLANG_WARN_INT_CONVERSION = YES;
				CLANG_WARN_NON_LITERAL_NULL_CONVERSION = YES;
				CLANG_WARN_OBJC_IMPLICIT_RETAIN_SELF = YES;
				CLANG_WARN_OBJC_LITERAL_CONVERSION = YES;
				CLANG_WARN_OBJC_ROOT_CLASS = YES_ERROR;
				CLANG_WARN_QUOTED_INCLUDE_IN_FRAMEWORK_HEADER = YES;
				CLANG_WARN_RANGE_LOOP_ANALYSIS = YES;
				CLANG_WARN_STRICT_PROTOTYPES = YES;
				CLANG_WARN_SUSPICIOUS_MOVE = YES;
				CLANG_WARN_UNGUARDED_AVAILABILITY = YES_AGGRESSIVE;
				CLANG_WARN_UNREACHABLE_CODE = YES;
				CLANG_WARN__DUPLICATE_METHOD_MATCH = YES;
				COPY_PHASE_STRIP = NO;
				DEBUG_INFORMATION_FORMAT = dwarf;
				DEVELOPMENT_TEAM = 3U9ASM9AL5;
				ENABLE_STRICT_OBJC_MSGSEND = YES;
				ENABLE_TESTABILITY = YES;
				ENABLE_USER_SCRIPT_SANDBOXING = YES;
				GCC_C_LANGUAGE_STANDARD = gnu17;
				GCC_DYNAMIC_NO_PIC = NO;
				GCC_NO_COMMON_BLOCKS = YES;
				GCC_OPTIMIZATION_LEVEL = 0;
				GCC_PREPROCESSOR_DEFINITIONS = (
					"DEBUG=1",
					"$(inherited)",
				);
				GCC_WARN_64_TO_32_BIT_CONVERSION = YES;
				GCC_WARN_ABOUT_RETURN_TYPE = YES_ERROR;
				GCC_WARN_UNDECLARED_SELECTOR = YES;
				GCC_WARN_UNINITIALIZED_AUTOS = YES_AGGRESSIVE;
				GCC_WARN_UNUSED_FUNCTION = YES;
				GCC_WARN_UNUSED_VARIABLE = YES;
				IPHONEOS_DEPLOYMENT_TARGET = 26.1;
				LOCALIZATION_PREFERS_STRING_CATALOGS = YES;
				MTL_ENABLE_DEBUG_INFO = INCLUDE_SOURCE;
				MTL_FAST_MATH = YES;
				ONLY_ACTIVE_ARCH = YES;
				SDKROOT = iphoneos;
				SWIFT_ACTIVE_COMPILATION_CONDITIONS = "DEBUG $(inherited)";
				SWIFT_EMIT_LOC_STRINGS = YES;
				SWIFT_OPTIMIZATION_LEVEL = "-Onone";
			};
			name = Debug;
		};
		602646972EFB29C1001E9B93 /* Release configuration for PBXProject "cordis" */ = {
			isa = XCBuildConfiguration;
			buildSettings = {
				ALWAYS_SEARCH_USER_PATHS = NO;
				ASSETCATALOG_COMPILER_GENERATE_SWIFT_ASSET_SYMBOL_EXTENSIONS = YES;
				CLANG_ANALYZER_NONNULL = YES;
				CLANG_ANALYZER_NUMBER_OBJECT_CONVERSION = YES_AGGRESSIVE;
				CLANG_CXX_LANGUAGE_STANDARD = "gnu++20";
				CLANG_ENABLE_MODULES = YES;
				CLANG_ENABLE_OBJC_ARC = YES;
				CLANG_ENABLE_OBJC_WEAK = YES;
				CLANG_WARN_BLOCK_CAPTURE_AUTORELEASING = YES;
				CLANG_WARN_BOOL_CONVERSION = YES;
				CLANG_WARN_COMMA = YES;
				CLANG_WARN_CONSTANT_CONVERSION = YES;
				CLANG_WARN_DEPRECATED_OBJC_IMPLEMENTATIONS = YES;
				CLANG_WARN_DIRECT_OBJC_ISA_USAGE = YES_ERROR;
				CLANG_WARN_DOCUMENTATION_COMMENTS = YES;
				CLANG_WARN_EMPTY_BODY = YES;
				CLANG_WARN_ENUM_CONVERSION = YES;
				CLANG_WARN_INFINITE_RECURSION = YES;
				CLANG_WARN_INT_CONVERSION = YES;
				CLANG_WARN_NON_LITERAL_NULL_CONVERSION = YES;
				CLANG_WARN_OBJC_IMPLICIT_RETAIN_SELF = YES;
				CLANG_WARN_OBJC_LITERAL_CONVERSION = YES;
				CLANG_WARN_OBJC_ROOT_CLASS = YES_ERROR;
				CLANG_WARN_QUOTED_INCLUDE_IN_FRAMEWORK_HEADER = YES;
				CLANG_WARN_RANGE_LOOP_ANALYSIS = YES;
				CLANG_WARN_STRICT_PROTOTYPES = YES;
				CLANG_WARN_SUSPICIOUS_MOVE = YES;
				CLANG_WARN_UNGUARDED_AVAILABILITY = YES_AGGRESSIVE;
				CLANG_WARN_UNREACHABLE_CODE = YES;
				CLANG_WARN__DUPLICATE_METHOD_MATCH = YES;
				COPY_PHASE_STRIP = NO;
				DEBUG_INFORMATION_FORMAT = "dwarf-with-dsym";
				DEVELOPMENT_TEAM = 3U9ASM9AL5;
				ENABLE_NS_ASSERTIONS = NO;
				ENABLE_STRICT_OBJC_MSGSEND = YES;
				ENABLE_USER_SCRIPT_SANDBOXING = YES;
				GCC_C_LANGUAGE_STANDARD = gnu17;
				GCC_NO_COMMON_BLOCKS = YES;
				GCC_WARN_64_TO_32_BIT_CONVERSION = YES;
				GCC_WARN_ABOUT_RETURN_TYPE = YES_ERROR;
				GCC_WARN_UNDECLARED_SELECTOR = YES;
				GCC_WARN_UNINITIALIZED_AUTOS = YES_AGGRESSIVE;
				GCC_WARN_UNUSED_FUNCTION = YES;
				GCC_WARN_UNUSED_VARIABLE = YES;
				IPHONEOS_DEPLOYMENT_TARGET = 26.1;
				LOCALIZATION_PREFERS_STRING_CATALOGS = YES;
				MTL_ENABLE_DEBUG_INFO = NO;
				MTL_FAST_MATH = YES;
				SDKROOT = iphoneos;
				SWIFT_COMPILATION_MODE = wholemodule;
				SWIFT_EMIT_LOC_STRINGS = YES;
				VALIDATE_PRODUCT = YES;
			};
			name = Release;
		};
		602646992EFB29C1001E9B93 /* Debug configuration for PBXNativeTarget "cordis" */ = {
			isa = XCBuildConfiguration;
			buildSettings = {
				ASSETCATALOG_COMPILER_APPICON_NAME = AppIcon;
				ASSETCATALOG_COMPILER_GLOBAL_ACCENT_COLOR_NAME = AccentColor;
				CODE_SIGN_ENTITLEMENTS = cordis/cordis.entitlements;
				CODE_SIGN_STYLE = Automatic;
				CURRENT_PROJECT_VERSION = 1;
				DEVELOPMENT_TEAM = 5Z75CJC22Q;
				ENABLE_PREVIEWS = YES;
				GENERATE_INFOPLIST_FILE = YES;
				INFOPLIST_FILE = cordis/Info.plist;
				INFOPLIST_KEY_LSApplicationCategoryType = "public.app-category.lifestyle";
				INFOPLIST_KEY_NSHealthShareUsageDescription = "CORDIS needs access to your heart rate data from Apple Watch to monitor stress levels and provide personalized health insights.";
				INFOPLIST_KEY_UIApplicationSceneManifest_Generation = YES;
				INFOPLIST_KEY_UIApplicationSupportsIndirectInputEvents = YES;
				INFOPLIST_KEY_UILaunchScreen_Generation = YES;
				INFOPLIST_KEY_UISupportedInterfaceOrientations_iPad = "UIInterfaceOrientationPortrait UIInterfaceOrientationPortraitUpsideDown UIInterfaceOrientationLandscapeLeft UIInterfaceOrientationLandscapeRight";
				INFOPLIST_KEY_UISupportedInterfaceOrientations_iPhone = "UIInterfaceOrientationPortrait UIInterfaceOrientationLandscapeLeft UIInterfaceOrientationLandscapeRight";
				LD_RUNPATH_SEARCH_PATHS = (
					"$(inherited)",
					"@executable_path/Frameworks",
				);
				MARKETING_VERSION = 1.0;
				PRODUCT_BUNDLE_IDENTIFIER = "cordis.cardiac.dedididor.la10--ubaldoorozcocamargo";
				PRODUCT_NAME = "$(TARGET_NAME)";
				STRING_CATALOG_GENERATE_SYMBOLS = YES;
				SWIFT_APPROACHABLE_CONCURRENCY = YES;
				SWIFT_DEFAULT_ACTOR_ISOLATION = MainActor;
				SWIFT_EMIT_LOC_STRINGS = YES;
				SWIFT_UPCOMING_FEATURE_MEMBER_IMPORT_VISIBILITY = YES;
				SWIFT_VERSION = 5.0;
				TARGETED_DEVICE_FAMILY = "1,2";
			};
			name = Debug;
		};
		6026469A2EFB29C1001E9B93 /* Release configuration for PBXNativeTarget "cordis" */ = {
			isa = XCBuildConfiguration;
			buildSettings = {
				ASSETCATALOG_COMPILER_APPICON_NAME = AppIcon;
				ASSETCATALOG_COMPILER_GLOBAL_ACCENT_COLOR_NAME = AccentColor;
				CODE_SIGN_ENTITLEMENTS = cordis/cordis.entitlements;
				CODE_SIGN_STYLE = Automatic;
				CURRENT_PROJECT_VERSION = 1;
				DEVELOPMENT_TEAM = 5Z75CJC22Q;
				ENABLE_PREVIEWS = YES;
				GENERATE_INFOPLIST_FILE = YES;
				INFOPLIST_FILE = cordis/Info.plist;
				INFOPLIST_KEY_LSApplicationCategoryType = "public.app-category.lifestyle";
				INFOPLIST_KEY_NSHealthShareUsageDescription = "CORDIS needs access to your heart rate data from Apple Watch to monitor stress levels and provide personalized health insights.";
				INFOPLIST_KEY_UIApplicationSceneManifest_Generation = YES;
				INFOPLIST_KEY_UIApplicationSupportsIndirectInputEvents = YES;
				INFOPLIST_KEY_UILaunchScreen_Generation = YES;
				INFOPLIST_KEY_UISupportedInterfaceOrientations_iPad = "UIInterfaceOrientationPortrait UIInterfaceOrientationPortraitUpsideDown UIInterfaceOrientationLandscapeLeft UIInterfaceOrientationLandscapeRight";
				INFOPLIST_KEY_UISupportedInterfaceOrientations_iPhone = "UIInterfaceOrientationPortrait UIInterfaceOrientationLandscapeLeft UIInterfaceOrientationLandscapeRight";
				LD_RUNPATH_SEARCH_PATHS = (
					"$(inherited)",
					"@executable_path/Frameworks",
				);
				MARKETING_VERSION = 1.0;
				PRODUCT_BUNDLE_IDENTIFIER = "cordis.cardiac.dedididor.la10--ubaldoorozcocamargo";
				PRODUCT_NAME = "$(TARGET_NAME)";
				STRING_CATALOG_GENERATE_SYMBOLS = YES;
				SWIFT_APPROACHABLE_CONCURRENCY = YES;
				SWIFT_DEFAULT_ACTOR_ISOLATION = MainActor;
				SWIFT_EMIT_LOC_STRINGS = YES;
				SWIFT_UPCOMING_FEATURE_MEMBER_IMPORT_VISIBILITY = YES;
				SWIFT_VERSION = 5.0;
				TARGETED_DEVICE_FAMILY = "1,2";
			};
			name = Release;
		};
		6026469C2EFB29C1001E9B93 /* Debug configuration for PBXNativeTarget "cordisTests" */ = {
			isa = XCBuildConfiguration;
			buildSettings = {
				BUNDLE_LOADER = "$(TEST_HOST)";
				CODE_SIGN_STYLE = Automatic;
				CURRENT_PROJECT_VERSION = 1;
				DEVELOPMENT_TEAM = 3U9ASM9AL5;
				GENERATE_INFOPLIST_FILE = YES;
				IPHONEOS_DEPLOYMENT_TARGET = 26.1;
				MARKETING_VERSION = 1.0;
				PRODUCT_BUNDLE_IDENTIFIER = walden.dos.la.10.cordisTests;
				PRODUCT_NAME = "$(TARGET_NAME)";
				STRING_CATALOG_GENERATE_SYMBOLS = NO;
				SWIFT_APPROACHABLE_CONCURRENCY = YES;
				SWIFT_EMIT_LOC_STRINGS = NO;
				SWIFT_UPCOMING_FEATURE_MEMBER_IMPORT_VISIBILITY = YES;
				SWIFT_VERSION = 5.0;
				TARGETED_DEVICE_FAMILY = "1,2";
				TEST_HOST = "$(BUILT_PRODUCTS_DIR)/cordis.app/$(BUNDLE_EXECUTABLE_FOLDER_PATH)/cordis";
			};
			name = Debug;
		};
		6026469D2EFB29C1001E9B93 /* Release configuration for PBXNativeTarget "cordisTests" */ = {
			isa = XCBuildConfiguration;
			buildSettings = {
				BUNDLE_LOADER = "$(TEST_HOST)";
				CODE_SIGN_STYLE = Automatic;
				CURRENT_PROJECT_VERSION = 1;
				DEVELOPMENT_TEAM = 3U9ASM9AL5;
				GENERATE_INFOPLIST_FILE = YES;
				IPHONEOS_DEPLOYMENT_TARGET = 26.1;
				MARKETING_VERSION = 1.0;
				PRODUCT_BUNDLE_IDENTIFIER = walden.dos.la.10.cordisTests;
				PRODUCT_NAME = "$(TARGET_NAME)";
				STRING_CATALOG_GENERATE_SYMBOLS = NO;
				SWIFT_APPROACHABLE_CONCURRENCY = YES;
				SWIFT_EMIT_LOC_STRINGS = NO;
				SWIFT_UPCOMING_FEATURE_MEMBER_IMPORT_VISIBILITY = YES;
				SWIFT_VERSION = 5.0;
				TARGETED_DEVICE_FAMILY = "1,2";
				TEST_HOST = "$(BUILT_PRODUCTS_DIR)/cordis.app/$(BUNDLE_EXECUTABLE_FOLDER_PATH)/cordis";
			};
			name = Release;
		};
		6026469F2EFB29C1001E9B93 /* Debug configuration for PBXNativeTarget "cordisUITests" */ = {
			isa = XCBuildConfiguration;
			buildSettings = {
				CODE_SIGN_STYLE = Automatic;
				CURRENT_PROJECT_VERSION = 1;
				DEVELOPMENT_TEAM = 3U9ASM9AL5;
				GENERATE_INFOPLIST_FILE = YES;
				MARKETING_VERSION = 1.0;
				PRODUCT_BUNDLE_IDENTIFIER = walden.dos.la.10.cordisUITests;
				PRODUCT_NAME = "$(TARGET_NAME)";
				STRING_CATALOG_GENERATE_SYMBOLS = NO;
				SWIFT_APPROACHABLE_CONCURRENCY = YES;
				SWIFT_EMIT_LOC_STRINGS = NO;
				SWIFT_UPCOMING_FEATURE_MEMBER_IMPORT_VISIBILITY = YES;
				SWIFT_VERSION = 5.0;
				TARGETED_DEVICE_FAMILY = "1,2";
				TEST_TARGET_NAME = cordis;
			};
			name = Debug;
		};
		602646A02EFB29C1001E9B93 /* Release configuration for PBXNativeTarget "cordisUITests" */ = {
			isa = XCBuildConfiguration;
			buildSettings = {
				CODE_SIGN_STYLE = Automatic;
				CURRENT_PROJECT_VERSION = 1;
				DEVELOPMENT_TEAM = 3U9ASM9AL5;
				GENERATE_INFOPLIST_FILE = YES;
				MARKETING_VERSION = 1.0;
				PRODUCT_BUNDLE_IDENTIFIER = walden.dos.la.10.cordisUITests;
				PRODUCT_NAME = "$(TARGET_NAME)";
				STRING_CATALOG_GENERATE_SYMBOLS = NO;
				SWIFT_APPROACHABLE_CONCURRENCY = YES;
				SWIFT_EMIT_LOC_STRINGS = NO;
				SWIFT_UPCOMING_FEATURE_MEMBER_IMPORT_VISIBILITY = YES;
				SWIFT_VERSION = 5.0;
				TARGETED_DEVICE_FAMILY = "1,2";
				TEST_TARGET_NAME = cordis;
			};
			name = Release;
		};
/* End XCBuildConfiguration section */

/* Begin XCConfigurationList section */
		602646702EFB29C0001E9B93 /* Build configuration list for PBXProject "cordis" */ = {
			isa = XCConfigurationList;
			buildConfigurations = (
				602646962EFB29C1001E9B93 /* Debug configuration for PBXProject "cordis" */,
				602646972EFB29C1001E9B93 /* Release configuration for PBXProject "cordis" */,
			);
			defaultConfigurationName = Release;
		};
		602646982EFB29C1001E9B93 /* Build configuration list for PBXNativeTarget "cordis" */ = {
			isa = XCConfigurationList;
			buildConfigurations = (
				602646992EFB29C1001E9B93 /* Debug configuration for PBXNativeTarget "cordis" */,
				6026469A2EFB29C1001E9B93 /* Release configuration for PBXNativeTarget "cordis" */,
			);
			defaultConfigurationName = Release;
		};
		6026469B2EFB29C1001E9B93 /* Build configuration list for PBXNativeTarget "cordisTests" */ = {
			isa = XCConfigurationList;
			buildConfigurations = (
				6026469C2EFB29C1001E9B93 /* Debug configuration for PBXNativeTarget "cordisTests" */,
				6026469D2EFB29C1001E9B93 /* Release configuration for PBXNativeTarget "cordisTests" */,
			);
			defaultConfigurationName = Release;
		};
		6026469E2EFB29C1001E9B93 /* Build configuration list for PBXNativeTarget "cordisUITests" */ = {
			isa = XCConfigurationList;
			buildConfigurations = (
				6026469F2EFB29C1001E9B93 /* Debug configuration for PBXNativeTarget "cordisUITests" */,
				602646A02EFB29C1001E9B93 /* Release configuration for PBXNativeTarget "cordisUITests" */,
			);
			defaultConfigurationName = Release;
		};
/* End XCConfigurationList section */
	};
	rootObject = 6026466D2EFB29C0001E9B93 /* Project object */;
}
